// !$*UTF8*$!
{
	archiveVersion = 1;
	classes = {
	};
	objectVersion = 46;
	objects = {

/* Begin PBXBuildFile section */
		A8822CDA1B7952800088A614 /* main.m in Sources */ = {isa = PBXBuildFile; fileRef = A8822CD91B7952800088A614 /* main.m */; };
		A8822CDD1B7952800088A614 /* AppDelegate.m in Sources */ = {isa = PBXBuildFile; fileRef = A8822CDC1B7952800088A614 /* AppDelegate.m */; };
		A8822CE51B7952800088A614 /* Images.xcassets in Resources */ = {isa = PBXBuildFile; fileRef = A8822CE41B7952800088A614 /* Images.xcassets */; };
		A8822CF41B7952800088A614 /* HorizonTests.m in Sources */ = {isa = PBXBuildFile; fileRef = A8822CF31B7952800088A614 /* HorizonTests.m */; };
		A8822D011B7954FF0088A614 /* Default-568h@2x.png in Resources */ = {isa = PBXBuildFile; fileRef = A8822D001B7954FF0088A614 /* Default-568h@2x.png */; };
		A8822D071B7956160088A614 /* HZViewController.m in Sources */ = {isa = PBXBuildFile; fileRef = A8822D061B7956160088A614 /* HZViewController.m */; };
		A8822D0A1B7A3E620088A614 /* HZOverlayView.m in Sources */ = {isa = PBXBuildFile; fileRef = A8822D091B7A3E620088A614 /* HZOverlayView.m */; };
		A8822D0C1B7A3EE80088A614 /* overlaygraphic.png in Resources */ = {isa = PBXBuildFile; fileRef = A8822D0B1B7A3EE80088A614 /* overlaygraphic.png */; };
/* End PBXBuildFile section */

/* Begin PBXContainerItemProxy section */
		A8822CEE1B7952800088A614 /* PBXContainerItemProxy */ = {
			isa = PBXContainerItemProxy;
			containerPortal = A8822CCC1B7952800088A614 /* Project object */;
			proxyType = 1;
			remoteGlobalIDString = A8822CD31B7952800088A614;
			remoteInfo = Horizon;
		};
/* End PBXContainerItemProxy section */

/* Begin PBXFileReference section */
		A8822CD41B7952800088A614 /* Horizon.app */ = {isa = PBXFileReference; explicitFileType = wrapper.application; includeInIndex = 0; path = Horizon.app; sourceTree = BUILT_PRODUCTS_DIR; };
		A8822CD81B7952800088A614 /* Info.plist */ = {isa = PBXFileReference; lastKnownFileType = text.plist.xml; path = Info.plist; sourceTree = "<group>"; };
		A8822CD91B7952800088A614 /* main.m */ = {isa = PBXFileReference; lastKnownFileType = sourcecode.c.objc; path = main.m; sourceTree = "<group>"; };
		A8822CDB1B7952800088A614 /* AppDelegate.h */ = {isa = PBXFileReference; lastKnownFileType = sourcecode.c.h; path = AppDelegate.h; sourceTree = "<group>"; };
		A8822CDC1B7952800088A614 /* AppDelegate.m */ = {isa = PBXFileReference; lastKnownFileType = sourcecode.c.objc; path = AppDelegate.m; sourceTree = "<group>"; };
		A8822CE41B7952800088A614 /* Images.xcassets */ = {isa = PBXFileReference; lastKnownFileType = folder.assetcatalog; path = Images.xcassets; sourceTree = "<group>"; };
		A8822CED1B7952800088A614 /* HorizonTests.xctest */ = {isa = PBXFileReference; explicitFileType = wrapper.cfbundle; includeInIndex = 0; path = HorizonTests.xctest; sourceTree = BUILT_PRODUCTS_DIR; };
		A8822CF21B7952800088A614 /* Info.plist */ = {isa = PBXFileReference; lastKnownFileType = text.plist.xml; path = Info.plist; sourceTree = "<group>"; };
		A8822CF31B7952800088A614 /* HorizonTests.m */ = {isa = PBXFileReference; lastKnownFileType = sourcecode.c.objc; path = HorizonTests.m; sourceTree = "<group>"; };
		A8822D001B7954FF0088A614 /* Default-568h@2x.png */ = {isa = PBXFileReference; lastKnownFileType = image.png; path = "Default-568h@2x.png"; sourceTree = "<group>"; };
		A8822D051B7956160088A614 /* HZViewController.h */ = {isa = PBXFileReference; fileEncoding = 4; lastKnownFileType = sourcecode.c.h; path = HZViewController.h; sourceTree = "<group>"; };
		A8822D061B7956160088A614 /* HZViewController.m */ = {isa = PBXFileReference; fileEncoding = 4; lastKnownFileType = sourcecode.c.objc; path = HZViewController.m; sourceTree = "<group>"; };
		A8822D081B7A3E620088A614 /* HZOverlayView.h */ = {isa = PBXFileReference; fileEncoding = 4; lastKnownFileType = sourcecode.c.h; path = HZOverlayView.h; sourceTree = "<group>"; };
		A8822D091B7A3E620088A614 /* HZOverlayView.m */ = {isa = PBXFileReference; fileEncoding = 4; lastKnownFileType = sourcecode.c.objc; path = HZOverlayView.m; sourceTree = "<group>"; };
		A8822D0B1B7A3EE80088A614 /* overlaygraphic.png */ = {isa = PBXFileReference; lastKnownFileType = image.png; path = overlaygraphic.png; sourceTree = "<group>"; };
/* End PBXFileReference section */

/* Begin PBXFrameworksBuildPhase section */
		A8822CD11B7952800088A614 /* Frameworks */ = {
			isa = PBXFrameworksBuildPhase;
			buildActionMask = 2147483647;
			files = (
			);
			runOnlyForDeploymentPostprocessing = 0;
		};
		A8822CEA1B7952800088A614 /* Frameworks */ = {
			isa = PBXFrameworksBuildPhase;
			buildActionMask = 2147483647;
			files = (
			);
			runOnlyForDeploymentPostprocessing = 0;
		};
/* End PBXFrameworksBuildPhase section */

/* Begin PBXGroup section */
		A8822CCB1B7952800088A614 = {
			isa = PBXGroup;
			children = (
				A8822D001B7954FF0088A614 /* Default-568h@2x.png */,
				A8822CD61B7952800088A614 /* Horizon */,
				A8822CF01B7952800088A614 /* HorizonTests */,
				A8822CD51B7952800088A614 /* Products */,
			);
			sourceTree = "<group>";
		};
		A8822CD51B7952800088A614 /* Products */ = {
			isa = PBXGroup;
			children = (
				A8822CD41B7952800088A614 /* Horizon.app */,
				A8822CED1B7952800088A614 /* HorizonTests.xctest */,
			);
			name = Products;
			sourceTree = "<group>";
		};
		A8822CD61B7952800088A614 /* Horizon */ = {
			isa = PBXGroup;
			children = (
				A8822CDB1B7952800088A614 /* AppDelegate.h */,
				A8822CDC1B7952800088A614 /* AppDelegate.m */,
				A8822D051B7956160088A614 /* HZViewController.h */,
				A8822D061B7956160088A614 /* HZViewController.m */,
				A8822D081B7A3E620088A614 /* HZOverlayView.h */,
				A8822D091B7A3E620088A614 /* HZOverlayView.m */,
				A8822CD71B7952800088A614 /* Supporting Files */,
			);
			path = Horizon;
			sourceTree = "<group>";
		};
		A8822CD71B7952800088A614 /* Supporting Files */ = {
			isa = PBXGroup;
			children = (
				A8822D0B1B7A3EE80088A614 /* overlaygraphic.png */,
				A8822CE41B7952800088A614 /* Images.xcassets */,
				A8822CD81B7952800088A614 /* Info.plist */,
				A8822CD91B7952800088A614 /* main.m */,
			);
			name = "Supporting Files";
			sourceTree = "<group>";
		};
		A8822CF01B7952800088A614 /* HorizonTests */ = {
			isa = PBXGroup;
			children = (
				A8822CF31B7952800088A614 /* HorizonTests.m */,
				A8822CF11B7952800088A614 /* Supporting Files */,
			);
			path = HorizonTests;
			sourceTree = "<group>";
		};
		A8822CF11B7952800088A614 /* Supporting Files */ = {
			isa = PBXGroup;
			children = (
				A8822CF21B7952800088A614 /* Info.plist */,
			);
			name = "Supporting Files";
			sourceTree = "<group>";
		};
/* End PBXGroup section */

/* Begin PBXNativeTarget section */
		A8822CD31B7952800088A614 /* Horizon */ = {
			isa = PBXNativeTarget;
			buildConfigurationList = A8822CF71B7952800088A614 /* Build configuration list for PBXNativeTarget "Horizon" */;
			buildPhases = (
				A8822CD01B7952800088A614 /* Sources */,
				A8822CD11B7952800088A614 /* Frameworks */,
				A8822CD21B7952800088A614 /* Resources */,
			);
			buildRules = (
			);
			dependencies = (
			);
			name = Horizon;
			productName = Horizon;
			productReference = A8822CD41B7952800088A614 /* Horizon.app */;
			productType = "com.apple.product-type.application";
		};
		A8822CEC1B7952800088A614 /* HorizonTests */ = {
			isa = PBXNativeTarget;
			buildConfigurationList = A8822CFA1B7952800088A614 /* Build configuration list for PBXNativeTarget "HorizonTests" */;
			buildPhases = (
				A8822CE91B7952800088A614 /* Sources */,
				A8822CEA1B7952800088A614 /* Frameworks */,
				A8822CEB1B7952800088A614 /* Resources */,
			);
			buildRules = (
			);
			dependencies = (
				A8822CEF1B7952800088A614 /* PBXTargetDependency */,
			);
			name = HorizonTests;
			productName = HorizonTests;
			productReference = A8822CED1B7952800088A614 /* HorizonTests.xctest */;
			productType = "com.apple.product-type.bundle.unit-test";
		};
/* End PBXNativeTarget section */

/* Begin PBXProject section */
		A8822CCC1B7952800088A614 /* Project object */ = {
			isa = PBXProject;
			attributes = {
				LastUpgradeCheck = 0640;
				ORGANIZATIONNAME = "Justin Malandruccolo";
				TargetAttributes = {
					A8822CD31B7952800088A614 = {
						CreatedOnToolsVersion = 6.4;
					};
					A8822CEC1B7952800088A614 = {
						CreatedOnToolsVersion = 6.4;
						TestTargetID = A8822CD31B7952800088A614;
					};
				};
			};
			buildConfigurationList = A8822CCF1B7952800088A614 /* Build configuration list for PBXProject "Horizon" */;
			compatibilityVersion = "Xcode 3.2";
			developmentRegion = English;
			hasScannedForEncodings = 0;
			knownRegions = (
				en,
				Base,
			);
			mainGroup = A8822CCB1B7952800088A614;
			productRefGroup = A8822CD51B7952800088A614 /* Products */;
			projectDirPath = "";
			projectRoot = "";
			targets = (
				A8822CD31B7952800088A614 /* Horizon */,
				A8822CEC1B7952800088A614 /* HorizonTests */,
			);
		};
/* End PBXProject section */

/* Begin PBXResourcesBuildPhase section */
		A8822CD21B7952800088A614 /* Resources */ = {
			isa = PBXResourcesBuildPhase;
			buildActionMask = 2147483647;
			files = (
				A8822CE51B7952800088A614 /* Images.xcassets in Resources */,
				A8822D011B7954FF0088A614 /* Default-568h@2x.png in Resources */,
				A8822D0C1B7A3EE80088A614 /* overlaygraphic.png in Resources */,
			);
			runOnlyForDeploymentPostprocessing = 0;
		};
		A8822CEB1B7952800088A614 /* Resources */ = {
			isa = PBXResourcesBuildPhase;
			buildActionMask = 2147483647;
			files = (
			);
			runOnlyForDeploymentPostprocessing = 0;
		};
/* End PBXResourcesBuildPhase section */

/* Begin PBXSourcesBuildPhase section */
		A8822CD01B7952800088A614 /* Sources */ = {
			isa = PBXSourcesBuildPhase;
			buildActionMask = 2147483647;
			files = (
				A8822D071B7956160088A614 /* HZViewController.m in Sources */,
				A8822D0A1B7A3E620088A614 /* HZOverlayView.m in Sources */,
				A8822CDD1B7952800088A614 /* AppDelegate.m in Sources */,
				A8822CDA1B7952800088A614 /* main.m in Sources */,
			);
			runOnlyForDeploymentPostprocessing = 0;
		};
		A8822CE91B7952800088A614 /* Sources */ = {
			isa = PBXSourcesBuildPhase;
			buildActionMask = 2147483647;
			files = (
				A8822CF41B7952800088A614 /* HorizonTests.m in Sources */,
			);
			runOnlyForDeploymentPostprocessing = 0;
		};
/* End PBXSourcesBuildPhase section */

/* Begin PBXTargetDependency section */
		A8822CEF1B7952800088A614 /* PBXTargetDependency */ = {
			isa = PBXTargetDependency;
			target = A8822CD31B7952800088A614 /* Horizon */;
			targetProxy = A8822CEE1B7952800088A614 /* PBXContainerItemProxy */;
		};
/* End PBXTargetDependency section */

/* Begin XCBuildConfiguration section */
		A8822CF51B7952800088A614 /* Debug */ = {
			isa = XCBuildConfiguration;
			buildSettings = {
				ALWAYS_SEARCH_USER_PATHS = NO;
				CLANG_CXX_LANGUAGE_STANDARD = "gnu++0x";
				CLANG_CXX_LIBRARY = "libc++";
				CLANG_ENABLE_MODULES = YES;
				CLANG_ENABLE_OBJC_ARC = YES;
				CLANG_WARN_BOOL_CONVERSION = YES;
				CLANG_WARN_CONSTANT_CONVERSION = YES;
				CLANG_WARN_DIRECT_OBJC_ISA_USAGE = YES_ERROR;
				CLANG_WARN_EMPTY_BODY = YES;
				CLANG_WARN_ENUM_CONVERSION = YES;
				CLANG_WARN_INT_CONVERSION = YES;
				CLANG_WARN_OBJC_ROOT_CLASS = YES_ERROR;
				CLANG_WARN_UNREACHABLE_CODE = YES;
				CLANG_WARN__DUPLICATE_METHOD_MATCH = YES;
				"CODE_SIGN_IDENTITY[sdk=iphoneos*]" = "iPhone Developer";
				COPY_PHASE_STRIP = NO;
				DEBUG_INFORMATION_FORMAT = "dwarf-with-dsym";
				ENABLE_STRICT_OBJC_MSGSEND = YES;
				GCC_C_LANGUAGE_STANDARD = gnu99;
				GCC_DYNAMIC_NO_PIC = NO;
				GCC_NO_COMMON_BLOCKS = YES;
				GCC_OPTIMIZATION_LEVEL = 0;
				GCC_PREPROCESSOR_DEFINITIONS = (
					"DEBUG=1",
					"$(inherited)",
				);
				GCC_SYMBOLS_PRIVATE_EXTERN = NO;
				GCC_WARN_64_TO_32_BIT_CONVERSION = YES;
				GCC_WARN_ABOUT_RETURN_TYPE = YES_ERROR;
				GCC_WARN_UNDECLARED_SELECTOR = YES;
				GCC_WARN_UNINITIALIZED_AUTOS = YES_AGGRESSIVE;
				GCC_WARN_UNUSED_FUNCTION = YES;
				GCC_WARN_UNUSED_VARIABLE = YES;
				IPHONEOS_DEPLOYMENT_TARGET = 8.4;
				MTL_ENABLE_DEBUG_INFO = YES;
				ONLY_ACTIVE_ARCH = YES;
				SDKROOT = iphoneos;
			};
			name = Debug;
		};
		A8822CF61B7952800088A614 /* Release */ = {
			isa = XCBuildConfiguration;
			buildSettings = {
				ALWAYS_SEARCH_USER_PATHS = NO;
				CLANG_CXX_LANGUAGE_STANDARD = "gnu++0x";
				CLANG_CXX_LIBRARY = "libc++";
				CLANG_ENABLE_MODULES = YES;
				CLANG_ENABLE_OBJC_ARC = YES;
				CLANG_WARN_BOOL_CONVERSION = YES;
				CLANG_WARN_CONSTANT_CONVERSION = YES;
				CLANG_WARN_DIRECT_OBJC_ISA_USAGE = YES_ERROR;
				CLANG_WARN_EMPTY_BODY = YES;
				CLANG_WARN_ENUM_CONVERSION = YES;
				CLANG_WARN_INT_CONVERSION = YES;
				CLANG_WARN_OBJC_ROOT_CLASS = YES_ERROR;
				CLANG_WARN_UNREACHABLE_CODE = YES;
				CLANG_WARN__DUPLICATE_METHOD_MATCH = YES;
				"CODE_SIGN_IDENTITY[sdk=iphoneos*]" = "iPhone Developer";
				COPY_PHASE_STRIP = NO;
				DEBUG_INFORMATION_FORMAT = "dwarf-with-dsym";
				ENABLE_NS_ASSERTIONS = NO;
				ENABLE_STRICT_OBJC_MSGSEND = YES;
				GCC_C_LANGUAGE_STANDARD = gnu99;
				GCC_NO_COMMON_BLOCKS = YES;
				GCC_WARN_64_TO_32_BIT_CONVERSION = YES;
				GCC_WARN_ABOUT_RETURN_TYPE = YES_ERROR;
				GCC_WARN_UNDECLARED_SELECTOR = YES;
				GCC_WARN_UNINITIALIZED_AUTOS = YES_AGGRESSIVE;
				GCC_WARN_UNUSED_FUNCTION = YES;
				GCC_WARN_UNUSED_VARIABLE = YES;
				IPHONEOS_DEPLOYMENT_TARGET = 8.4;
				MTL_ENABLE_DEBUG_INFO = NO;
				SDKROOT = iphoneos;
				VALIDATE_PRODUCT = YES;
			};
			name = Release;
		};
		A8822CF81B7952800088A614 /* Debug */ = {
			isa = XCBuildConfiguration;
			buildSettings = {
				ASSETCATALOG_COMPILER_APPICON_NAME = AppIcon;
				INFOPLIST_FILE = Horizon/Info.plist;
				LD_RUNPATH_SEARCH_PATHS = "$(inherited) @executable_path/Frameworks";
				PRODUCT_NAME = "$(TARGET_NAME)";
			};
			name = Debug;
		};
		A8822CF91B7952800088A614 /* Release */ = {
			isa = XCBuildConfiguration;
			buildSettings = {
				ASSETCATALOG_COMPILER_APPICON_NAME = AppIcon;
				INFOPLIST_FILE = Horizon/Info.plist;
				LD_RUNPATH_SEARCH_PATHS = "$(inherited) @executable_path/Frameworks";
				PRODUCT_NAME = "$(TARGET_NAME)";
			};
			name = Release;
		};
		A8822CFB1B7952800088A614 /* Debug */ = {
			isa = XCBuildConfiguration;
			buildSettings = {
				BUNDLE_LOADER = "$(TEST_HOST)";
				FRAMEWORK_SEARCH_PATHS = (
					"$(SDKROOT)/Developer/Library/Frameworks",
					"$(inherited)",
				);
				GCC_PREPROCESSOR_DEFINITIONS = (
					"DEBUG=1",
					"$(inherited)",
				);
				INFOPLIST_FILE = HorizonTests/Info.plist;
				LD_RUNPATH_SEARCH_PATHS = "$(inherited) @executable_path/Frameworks @loader_path/Frameworks";
				PRODUCT_NAME = "$(TARGET_NAME)";
				TEST_HOST = "$(BUILT_PRODUCTS_DIR)/Horizon.app/Horizon";
			};
			name = Debug;
		};
		A8822CFC1B7952800088A614 /* Release */ = {
			isa = XCBuildConfiguration;
			buildSettings = {
				BUNDLE_LOADER = "$(TEST_HOST)";
				FRAMEWORK_SEARCH_PATHS = (
					"$(SDKROOT)/Developer/Library/Frameworks",
					"$(inherited)",
				);
				INFOPLIST_FILE = HorizonTests/Info.plist;
				LD_RUNPATH_SEARCH_PATHS = "$(inherited) @executable_path/Frameworks @loader_path/Frameworks";
				PRODUCT_NAME = "$(TARGET_NAME)";
				TEST_HOST = "$(BUILT_PRODUCTS_DIR)/Horizon.app/Horizon";
			};
			name = Release;
		};
/* End XCBuildConfiguration section */

/* Begin XCConfigurationList section */
		A8822CCF1B7952800088A614 /* Build configuration list for PBXProject "Horizon" */ = {
			isa = XCConfigurationList;
			buildConfigurations = (
				A8822CF51B7952800088A614 /* Debug */,
				A8822CF61B7952800088A614 /* Release */,
			);
			defaultConfigurationIsVisible = 0;
			defaultConfigurationName = Release;
		};
		A8822CF71B7952800088A614 /* Build configuration list for PBXNativeTarget "Horizon" */ = {
			isa = XCConfigurationList;
			buildConfigurations = (
				A8822CF81B7952800088A614 /* Debug */,
				A8822CF91B7952800088A614 /* Release */,
			);
			defaultConfigurationIsVisible = 0;
		};
		A8822CFA1B7952800088A614 /* Build configuration list for PBXNativeTarget "HorizonTests" */ = {
			isa = XCConfigurationList;
			buildConfigurations = (
				A8822CFB1B7952800088A614 /* Debug */,
				A8822CFC1B7952800088A614 /* Release */,
			);
			defaultConfigurationIsVisible = 0;
		};
/* End XCConfigurationList section */
	};
	rootObject = A8822CCC1B7952800088A614 /* Project object */;
}
